
Microsoft Visual Studio Solution File, Format Version 12.00
# Visual Studio 2013
VisualStudioVersion = 12.0.40629.0
MinimumVisualStudioVersion = 10.0.40219.1
Project("{8BC9CEB8-8B4A-11D0-8D11-00A0C91BC942}") = "DbContainerLib", "DbContainerLib\impl\DbContainerLib.vcxproj", "{8A02B5E0-57B1-4DC6-89AD-BC1B4B4BB929}"
EndProject
Project("{8BC9CEB8-8B4A-11D0-8D11-00A0C91BC942}") = "DbContainerLibTest", "DbContainerLibTest\DbContainerLibTest.vcxproj", "{D7B83B8E-BF99-44C1-B579-8034D2A790FC}"
	ProjectSection(ProjectDependencies) = postProject
		{8A02B5E0-57B1-4DC6-89AD-BC1B4B4BB929} = {8A02B5E0-57B1-4DC6-89AD-BC1B4B4BB929}
	EndProjectSection
EndProject
Global
	GlobalSection(SolutionConfigurationPlatforms) = preSolution
		Debug|Win32 = Debug|Win32
		Release|Win32 = Release|Win32
	EndGlobalSection
	GlobalSection(ProjectConfigurationPlatforms) = postSolution
		{8A02B5E0-57B1-4DC6-89AD-BC1B4B4BB929}.Debug|Win32.ActiveCfg = Debug|Win32
		{8A02B5E0-57B1-4DC6-89AD-BC1B4B4BB929}.Debug|Win32.Build.0 = Debug|Win32
		{8A02B5E0-57B1-4DC6-89AD-BC1B4B4BB929}.Release|Win32.ActiveCfg = Release|Win32
		{8A02B5E0-57B1-4DC6-89AD-BC1B4B4BB929}.Release|Win32.Build.0 = Release|Win32
		{D7B83B8E-BF99-44C1-B579-8034D2A790FC}.Debug|Win32.ActiveCfg = Debug|Win32
		{D7B83B8E-BF99-44C1-B579-8034D2A790FC}.Debug|Win32.Build.0 = Debug|Win32
		{D7B83B8E-BF99-44C1-B579-8034D2A790FC}.Release|Win32.ActiveCfg = Release|Win32
		{D7B83B8E-BF99-44C1-B579-8034D2A790FC}.Release|Win32.Build.0 = Release|Win32
	EndGlobalSection
	GlobalSection(SolutionProperties) = preSolution
		HideSolutionNode = FALSE
	EndGlobalSection
EndGlobal
